name: Update lazy-lock.json

on:
  push:
    branches:
      - 'renovate/*'
    paths:
      - 'config/nvim/lua/plugins/*.lua'

jobs:
  update-lazy-lock:
    runs-on: ubuntu-latest

    steps:
      - name: Checkout code
        uses: actions/checkout@v4

      - name: Update lazy-lock.json
        run: |
          nvim --headless -c 'Lazy! sync' +q

      - name: Commit changes
        run: |
          git config --global user.name 'github-actions[bot]'
          git config --global user.email 'github-actions[bot]@users.noreply.github.com'
          git add config/nvim/lazy-lock.json
          git commit -m 'Update lazy-lock.json based on Renovate PR'
          git push
